
Microsoft Visual Studio Solution File, Format Version 12.00
# Visual Studio 2012
Project("{F184B08F-C81C-45F6-A57F-5ABD9991F28F}") = "FlyffPatcher", "Open Source Patcher v3\FlyffPatcher.vbproj", "{B8415522-C0E5-4E96-9FAF-D90710A48617}"
EndProject
Project("{F184B08F-C81C-45F6-A57F-5ABD9991F28F}") = "Updater", "Updater\Updater.vbproj", "{86D5A910-145A-43D2-B19C-4620149945A5}"
EndProject
Project("{F184B08F-C81C-45F6-A57F-5ABD9991F28F}") = "PatchMaker", "PatchMaker\PatchMaker.vbproj", "{DC965871-6267-43B0-A2D8-0F68D953D633}"
EndProject
Global
	GlobalSection(SolutionConfigurationPlatforms) = preSolution
		Debug|Any CPU = Debug|Any CPU
		Debug|Mixed Platforms = Debug|Mixed Platforms
		Debug|x86 = Debug|x86
		Release|Any CPU = Release|Any CPU
		Release|Mixed Platforms = Release|Mixed Platforms
		Release|x86 = Release|x86
	EndGlobalSection
	GlobalSection(ProjectConfigurationPlatforms) = postSolution
		{B8415522-C0E5-4E96-9FAF-D90710A48617}.Debug|Any CPU.ActiveCfg = Debug|x86
		{B8415522-C0E5-4E96-9FAF-D90710A48617}.Debug|Mixed Platforms.ActiveCfg = Debug|x86
		{B8415522-C0E5-4E96-9FAF-D90710A48617}.Debug|Mixed Platforms.Build.0 = Debug|x86
		{B8415522-C0E5-4E96-9FAF-D90710A48617}.Debug|x86.ActiveCfg = Debug|x86
		{B8415522-C0E5-4E96-9FAF-D90710A48617}.Debug|x86.Build.0 = Debug|x86
		{B8415522-C0E5-4E96-9FAF-D90710A48617}.Release|Any CPU.ActiveCfg = Release|x86
		{B8415522-C0E5-4E96-9FAF-D90710A48617}.Release|Mixed Platforms.ActiveCfg = Release|x86
		{B8415522-C0E5-4E96-9FAF-D90710A48617}.Release|Mixed Platforms.Build.0 = Release|x86
		{B8415522-C0E5-4E96-9FAF-D90710A48617}.Release|x86.ActiveCfg = Release|x86
		{B8415522-C0E5-4E96-9FAF-D90710A48617}.Release|x86.Build.0 = Release|x86
		{86D5A910-145A-43D2-B19C-4620149945A5}.Debug|Any CPU.ActiveCfg = Debug|x86
		{86D5A910-145A-43D2-B19C-4620149945A5}.Debug|Mixed Platforms.ActiveCfg = Debug|x86
		{86D5A910-145A-43D2-B19C-4620149945A5}.Debug|Mixed Platforms.Build.0 = Debug|x86
		{86D5A910-145A-43D2-B19C-4620149945A5}.Debug|x86.ActiveCfg = Debug|x86
		{86D5A910-145A-43D2-B19C-4620149945A5}.Debug|x86.Build.0 = Debug|x86
		{86D5A910-145A-43D2-B19C-4620149945A5}.Release|Any CPU.ActiveCfg = Release|x86
		{86D5A910-145A-43D2-B19C-4620149945A5}.Release|Mixed Platforms.ActiveCfg = Release|x86
		{86D5A910-145A-43D2-B19C-4620149945A5}.Release|Mixed Platforms.Build.0 = Release|x86
		{86D5A910-145A-43D2-B19C-4620149945A5}.Release|x86.ActiveCfg = Release|x86
		{86D5A910-145A-43D2-B19C-4620149945A5}.Release|x86.Build.0 = Release|x86
		{DC965871-6267-43B0-A2D8-0F68D953D633}.Debug|Any CPU.ActiveCfg = Debug|Any CPU
		{DC965871-6267-43B0-A2D8-0F68D953D633}.Debug|Any CPU.Build.0 = Debug|Any CPU
		{DC965871-6267-43B0-A2D8-0F68D953D633}.Debug|Mixed Platforms.ActiveCfg = Debug|Any CPU
		{DC965871-6267-43B0-A2D8-0F68D953D633}.Debug|Mixed Platforms.Build.0 = Debug|Any CPU
		{DC965871-6267-43B0-A2D8-0F68D953D633}.Debug|x86.ActiveCfg = Debug|Any CPU
		{DC965871-6267-43B0-A2D8-0F68D953D633}.Release|Any CPU.ActiveCfg = Release|Any CPU
		{DC965871-6267-43B0-A2D8-0F68D953D633}.Release|Any CPU.Build.0 = Release|Any CPU
		{DC965871-6267-43B0-A2D8-0F68D953D633}.Release|Mixed Platforms.ActiveCfg = Release|Any CPU
		{DC965871-6267-43B0-A2D8-0F68D953D633}.Release|Mixed Platforms.Build.0 = Release|Any CPU
		{DC965871-6267-43B0-A2D8-0F68D953D633}.Release|x86.ActiveCfg = Release|Any CPU
	EndGlobalSection
	GlobalSection(SolutionProperties) = preSolution
		HideSolutionNode = FALSE
	EndGlobalSection
EndGlobal
